
Microsoft Visual Studio Solution File, Format Version 12.00
# Visual Studio 15
VisualStudioVersion = 15.0.28307.438
MinimumVisualStudioVersion = 10.0.40219.1
Project("{FAE04EC0-301F-11D3-BF4B-00C04F79EFBC}") = "DevHobby.BLL", "DevHobby.BLL\DevHobby.BLL.csproj", "{AEF760C5-F76D-4F7F-9197-E42FDB163EE8}"
EndProject
Global
	GlobalSection(SolutionConfigurationPlatforms) = preSolution
		Debug|Any CPU = Debug|Any CPU
		Release|Any CPU = Release|Any CPU
	EndGlobalSection
	GlobalSection(ProjectConfigurationPlatforms) = postSolution
		{AEF760C5-F76D-4F7F-9197-E42FDB163EE8}.Debug|Any CPU.ActiveCfg = Debug|Any CPU
		{AEF760C5-F76D-4F7F-9197-E42FDB163EE8}.Debug|Any CPU.Build.0 = Debug|Any CPU
		{AEF760C5-F76D-4F7F-9197-E42FDB163EE8}.Release|Any CPU.ActiveCfg = Release|Any CPU
		{AEF760C5-F76D-4F7F-9197-E42FDB163EE8}.Release|Any CPU.Build.0 = Release|Any CPU
	EndGlobalSection
	GlobalSection(SolutionProperties) = preSolution
		HideSolutionNode = FALSE
	EndGlobalSection
	GlobalSection(ExtensibilityGlobals) = postSolution
		SolutionGuid = {E99EC0DF-ED3F-4AD4-8F1E-068888A6D4AA}
	EndGlobalSection
EndGlobal
